
Microsoft Visual Studio Solution File, Format Version 12.00
# Visual Studio Version 17
VisualStudioVersion = 17.4.33122.133
MinimumVisualStudioVersion = 10.0.40219.1
Project("{8BC9CEB8-8B4A-11D0-8D11-00A0C91BC942}") = "jthread-ex1-basic", "jthread-ex1-basic\jthread-ex1-basic.vcxproj", "{DC3D09EC-5967-45D5-BC16-E81AF2142723}"
EndProject
Project("{8BC9CEB8-8B4A-11D0-8D11-00A0C91BC942}") = "jthread-ex2-stopping", "jthread-ex2-stopping\jthread-ex2-stopping.vcxproj", "{BCEFD72E-0953-4679-B897-78AF62FDB79F}"
EndProject
Project("{8BC9CEB8-8B4A-11D0-8D11-00A0C91BC942}") = "jthread-ex3-more-stopping", "jthread-ex3-more-stopping\jthread-ex3-more-stopping.vcxproj", "{AA58B80D-4422-4EF6-80F8-0CB3A293F920}"
EndProject
Project("{8BC9CEB8-8B4A-11D0-8D11-00A0C91BC942}") = "jthread-ex4-adv-stopping", "jthread-ex4-adv-stopping\jthread-ex4-adv-stopping.vcxproj", "{8E0DA4DE-5F04-4C56-892B-97B87787D91C}"
EndProject
Project("{8BC9CEB8-8B4A-11D0-8D11-00A0C91BC942}") = "jthread-ex5-class-basic", "jthread-ex5-class-basic\jthread-ex5-class-basic.vcxproj", "{BB78F49F-6909-4486-A8B4-0AA679070587}"
EndProject
Project("{8BC9CEB8-8B4A-11D0-8D11-00A0C91BC942}") = "jthread-ex6-class-adv", "jthread-ex6-class-adv\jthread-ex6-class-adv.vcxproj", "{90727370-A831-4CB1-A203-4C34C05D042B}"
EndProject
Global
	GlobalSection(SolutionConfigurationPlatforms) = preSolution
		Debug|x64 = Debug|x64
		Debug|x86 = Debug|x86
		Release|x64 = Release|x64
		Release|x86 = Release|x86
	EndGlobalSection
	GlobalSection(ProjectConfigurationPlatforms) = postSolution
		{DC3D09EC-5967-45D5-BC16-E81AF2142723}.Debug|x64.ActiveCfg = Debug|x64
		{DC3D09EC-5967-45D5-BC16-E81AF2142723}.Debug|x64.Build.0 = Debug|x64
		{DC3D09EC-5967-45D5-BC16-E81AF2142723}.Debug|x86.ActiveCfg = Debug|Win32
		{DC3D09EC-5967-45D5-BC16-E81AF2142723}.Debug|x86.Build.0 = Debug|Win32
		{DC3D09EC-5967-45D5-BC16-E81AF2142723}.Release|x64.ActiveCfg = Release|x64
		{DC3D09EC-5967-45D5-BC16-E81AF2142723}.Release|x64.Build.0 = Release|x64
		{DC3D09EC-5967-45D5-BC16-E81AF2142723}.Release|x86.ActiveCfg = Release|Win32
		{DC3D09EC-5967-45D5-BC16-E81AF2142723}.Release|x86.Build.0 = Release|Win32
		{BCEFD72E-0953-4679-B897-78AF62FDB79F}.Debug|x64.ActiveCfg = Debug|x64
		{BCEFD72E-0953-4679-B897-78AF62FDB79F}.Debug|x64.Build.0 = Debug|x64
		{BCEFD72E-0953-4679-B897-78AF62FDB79F}.Debug|x86.ActiveCfg = Debug|Win32
		{BCEFD72E-0953-4679-B897-78AF62FDB79F}.Debug|x86.Build.0 = Debug|Win32
		{BCEFD72E-0953-4679-B897-78AF62FDB79F}.Release|x64.ActiveCfg = Release|x64
		{BCEFD72E-0953-4679-B897-78AF62FDB79F}.Release|x64.Build.0 = Release|x64
		{BCEFD72E-0953-4679-B897-78AF62FDB79F}.Release|x86.ActiveCfg = Release|Win32
		{BCEFD72E-0953-4679-B897-78AF62FDB79F}.Release|x86.Build.0 = Release|Win32
		{AA58B80D-4422-4EF6-80F8-0CB3A293F920}.Debug|x64.ActiveCfg = Debug|x64
		{AA58B80D-4422-4EF6-80F8-0CB3A293F920}.Debug|x64.Build.0 = Debug|x64
		{AA58B80D-4422-4EF6-80F8-0CB3A293F920}.Debug|x86.ActiveCfg = Debug|Win32
		{AA58B80D-4422-4EF6-80F8-0CB3A293F920}.Debug|x86.Build.0 = Debug|Win32
		{AA58B80D-4422-4EF6-80F8-0CB3A293F920}.Release|x64.ActiveCfg = Release|x64
		{AA58B80D-4422-4EF6-80F8-0CB3A293F920}.Release|x64.Build.0 = Release|x64
		{AA58B80D-4422-4EF6-80F8-0CB3A293F920}.Release|x86.ActiveCfg = Release|Win32
		{AA58B80D-4422-4EF6-80F8-0CB3A293F920}.Release|x86.Build.0 = Release|Win32
		{8E0DA4DE-5F04-4C56-892B-97B87787D91C}.Debug|x64.ActiveCfg = Debug|x64
		{8E0DA4DE-5F04-4C56-892B-97B87787D91C}.Debug|x64.Build.0 = Debug|x64
		{8E0DA4DE-5F04-4C56-892B-97B87787D91C}.Debug|x86.ActiveCfg = Debug|Win32
		{8E0DA4DE-5F04-4C56-892B-97B87787D91C}.Debug|x86.Build.0 = Debug|Win32
		{8E0DA4DE-5F04-4C56-892B-97B87787D91C}.Release|x64.ActiveCfg = Release|x64
		{8E0DA4DE-5F04-4C56-892B-97B87787D91C}.Release|x64.Build.0 = Release|x64
		{8E0DA4DE-5F04-4C56-892B-97B87787D91C}.Release|x86.ActiveCfg = Release|Win32
		{8E0DA4DE-5F04-4C56-892B-97B87787D91C}.Release|x86.Build.0 = Release|Win32
		{BB78F49F-6909-4486-A8B4-0AA679070587}.Debug|x64.ActiveCfg = Debug|x64
		{BB78F49F-6909-4486-A8B4-0AA679070587}.Debug|x64.Build.0 = Debug|x64
		{BB78F49F-6909-4486-A8B4-0AA679070587}.Debug|x86.ActiveCfg = Debug|Win32
		{BB78F49F-6909-4486-A8B4-0AA679070587}.Debug|x86.Build.0 = Debug|Win32
		{BB78F49F-6909-4486-A8B4-0AA679070587}.Release|x64.ActiveCfg = Release|x64
		{BB78F49F-6909-4486-A8B4-0AA679070587}.Release|x64.Build.0 = Release|x64
		{BB78F49F-6909-4486-A8B4-0AA679070587}.Release|x86.ActiveCfg = Release|Win32
		{BB78F49F-6909-4486-A8B4-0AA679070587}.Release|x86.Build.0 = Release|Win32
		{90727370-A831-4CB1-A203-4C34C05D042B}.Debug|x64.ActiveCfg = Debug|x64
		{90727370-A831-4CB1-A203-4C34C05D042B}.Debug|x64.Build.0 = Debug|x64
		{90727370-A831-4CB1-A203-4C34C05D042B}.Debug|x86.ActiveCfg = Debug|Win32
		{90727370-A831-4CB1-A203-4C34C05D042B}.Debug|x86.Build.0 = Debug|Win32
		{90727370-A831-4CB1-A203-4C34C05D042B}.Release|x64.ActiveCfg = Release|x64
		{90727370-A831-4CB1-A203-4C34C05D042B}.Release|x64.Build.0 = Release|x64
		{90727370-A831-4CB1-A203-4C34C05D042B}.Release|x86.ActiveCfg = Release|Win32
		{90727370-A831-4CB1-A203-4C34C05D042B}.Release|x86.Build.0 = Release|Win32
	EndGlobalSection
	GlobalSection(SolutionProperties) = preSolution
		HideSolutionNode = FALSE
	EndGlobalSection
	GlobalSection(ExtensibilityGlobals) = postSolution
		SolutionGuid = {B590F762-FD53-4CAB-B88F-494578A69892}
	EndGlobalSection
EndGlobal
